{
  "pins" : [
    {
      "identity" : "nxfit-sdk-for-ios",
      "kind" : "remoteSourceControl",
      "location" : "https://github.com/NeoEx-Developer/NxFit-SDK-for-iOS",
      "state" : {
        "revision" : "48882d6821d371c466d2dab443b6eee1c1c03a54",
        "version" : "1.1.0"
      }
    },
    {
      "identity" : "swift-log",
      "kind" : "remoteSourceControl",
      "location" : "https://github.com/apple/swift-log.git",
      "state" : {
        "revision" : "ce592ae52f982c847a4efc0dd881cc9eb32d29f2",
        "version" : "1.6.4"
      }
    }
  ],
  "version" : 2
}
